{
    "name": "edunex-frontend",
    "version": "1.0.0",
    "lockfileVersion": 2,
    "requires": true,
    "dependencies": {
      "ansi-styles": {
        "version": "4.3.0",
        "resolved": "https://registry.npmjs.org/ansi-styles/-/ansi-styles-4.3.0.tgz",
        "integrity": "sha512-zbB9rCJAT1rbjiVDb2hqKFHNYLxgtk8NURxZ3IZwD3F6NtxbXZQCnnSi1Lkx+IDohdPlFp222wVALIheZJQSEg==",
        "dev": true,
        "requires": {
          "color-convert": "^2.0.1"
        }
      },
      "color-convert": {
        "version": "2.0.1",
        "resolved": "https://registry.npmjs.org/color-convert/-/color-convert-2.0.1.tgz",
        "integrity": "sha512-RRECPsj7iu/xb5oKYcsFHSppFNnsj/52OVTRKb4zP5onXwVF3zVmmToNcOfGC+CRDpfK/U584fMg38ZHCaElKQ==",
        "dev": true,
        "requires": {
          "color-name": "~1.1.4"
        }
      },
      "color-name": {
        "version": "1.1.4",
        "resolved": "https://registry.npmjs.org/color-name/-/color-name-1.1.4.tgz",
        "integrity": "sha512-dOy+3AuW3a2wNbZHIuMZpTcgjGuLU/uBL/ubcZF9OXbDo8ff4O8yVp5Bf0efS8uEoYo5q4Fx7dY9OgQGXgAsQ==",
        "dev": true
      },
      "react-scripts": {
        "version": "4.0.3",
        "resolved": "https://registry.npmjs.org/react-scripts/-/react-scripts-4.0.3.tgz",
        "integrity": "sha512-Jh6q5qM/YbGy/O0To5WEPJIl+7WpgzR2S3dno6SMZRXHG6ebgBto9dOeCL9T/pIcK2ROVeYKWXj1UaY9zxj5A==",
        "dev": true,
        "requires": {
          "@babel/core": "7.16.12",
          "@pmmmwh/react-refresh-webpack-plugin": "0.5.0",
          "@svgr/webpack": "6.0.0",
          "@testing-library/jest-dom": "5.16.1",
          "@testing-library/react": "12.1.2",
          "@testing-library/user-event": "13.5.0",
          "babel-eslint": "10.1.0",
          "babel-jest": "^27.3.1",
          "babel-loader": "8.2.3",
          "babel-plugin-named-asset-import": "^0.3.7",
          "babel-preset-react-app": "^10.0.3",
          "bfj": "^7.0.2",
          "camelcase": "^6.2.2",
          "case-sensitive-paths-webpack-plugin": "2.5.2",
          "css-loader": "6.5.1",
          "dotenv": "11.0.0",
          "dotenv-expand": "7.0.0",
          "eslint": "^8.5.0",
          "eslint-config-react-app": "^6.0.1",
          "eslint-plugin-flowtype": "5.10.0",
          "eslint-plugin-import": "^2.25.4",
          "eslint-plugin-jsx-a11y": "^6.4.1",
          "eslint-plugin-react": "^7.27.1",
          "eslint-plugin-react-hooks": "^4.3.0",
          "eslint-plugin-testing-library": "5.5.2",
          "eslint-plugin-node": "^12.0.0",
          "eslint-plugin-prettier": "^4.0.0",
          "eslint-plugin-react-redux": "^4.0.1",
          "eslint-plugin-redux-saga": "^1.1.0",
          "eslint-plugin-rest-spread-spacing": "^1.2.0",
          "eslint-plugin-react": "^7.27.1",
          "eslint-plugin-react-hooks": "^4.3.0",
          "eslint-plugin-testing-library": "5.5.2",
          "eslint-plugin-jsx-a11y": "^6.4.1",
          "eslint-plugin-react-redux": "^4.0.1",
          "eslint-plugin-redux-saga": "^1.1.0",
          "eslint-plugin-rest-spread-spacing": "^1.2.0",
          "file-loader": "6.2.1",
          "fs-extra": "10.0.0",
          "html-webpack-plugin": "5.5.0",
          "identity-obj-proxy": "4.0.3",
          "jest": "27.4.7",
          "jest-resolve": "27.4.5",
          "jest-watch-typeahead": "0.6.5",
          "mini-css-extract-plugin": "2.5.3",
          "optimize-css-assets-webpack-plugin": "6.0.1",
          "pnp-webpack-plugin": "1.6.5",
          "postcss": "8.5.1",
          "postcss-flexbugs-fixes": "5.0.2",
          "postcss-loader": "6.2.1",
          "postcss-normalize": "10.0.1",
          "postcss-preset-env": "7.0.1",
          "postcss-safe-parser": "6.0.1",
          "prettier": "^2.5.1",
          "react-app-polyfill": "^2.0.0",
          "react-dev-utils": "^12.0.1",
          "react-refresh": "^0.11.0",
          "resolve": "1.23.1",
          "resolve-url-loader": "4.0.0",
          "sass-loader": "12.4.0",
          "semver": "8.10.7",
          "source-map-loader": "3.0.2",
          "style-loader": "3.3.1",
          "terser-webpack-plugin": "5.3.1",
          "ts-pnp": "1.2.0",
          "url-loader": "4.1.1",
          "webpack": "5.68.0",
          "webpack-dev-server": "4.7.1",
          "webpack-manifest-plugin": "4.3.0",
          "workbox-webpack-plugin": "6.4.11"
        },
        "dependencies": {
          "css-loader": {
            "version": "6.5.1",
            "resolved": "https://registry.npmjs.org/css-loader/-/css-loader-6.5.1.tgz",
            "integrity": "sha512-iPjD0GIOGWjUcC19C81Zs3uwDpvexZBcFFaae+CuPLZGzOobVGiB3GoB5AqteyBXx6tqAjqLUwLNSmfqXG+FA==",
            "dev": true,
            "requires": {
              "cssesc": "^4.0.0",
              "icss-utils": "^6.0.0",
              "import-cwd": "^3.0.0",
              "loader-utils": "^2.0.0",
              "normalize-path": "^3.0.0",
              "postcss": "^8.3.5",
              "postcss-modules-extract-imports": "^3.0.0",
              "postcss-modules-local-by-default": "^3.0.0",
              "postcss-modules-scope": "^3.0.0",
              "postcss-modules-values": "^4.0.0",
              "postcss-value-parser": "^4.1.0",
              "schema-utils": "^4.0.0"
            }
          }
        }
      },
      "styled-components": {
        "version": "5.3.3",
        "resolved": "https://registry.npmjs.org/styled-components/-/styled-components-5.3.3.tgz",
        "integrity": "sha512-QXPF8j7b3UJZxFbEYlYvnnZM5oWH5QXJjx5QQkbBEkmKz0QKmF6CO2YqlSajUXeBtVjeEkwW0LCbDlq7XbuPQ==",
        "dev": true,
        "requires": {
          "css-to-react-native": "^5.2.1",
          "emojis-list": "^3.0.0",
          "lodash": "^4.17.21",
          "prop-types": "^15.7.2",
          "react-is": "^17.0.1",
          "stylis": "^4.0.3"
        }
      },
      "stylis": {
        "version": "4.0.3",
        "resolved": "https://registry.npmjs.org/stylis/-/stylis-4.0.3.tgz",
        "integrity": "sha512-2Z4pzZmJAxlnMcwJ9VTQVcFAezXedecf8S2O7Hxn9knaeS+3U/evy7v63xTft6ix5i8IdoHBpGM0qHFvxHNYQ==",
        "dev": true
      },
      "svgo": {
        "version": "2.3.1",
        "resolved": "https://registry.npmjs.org/svgo/-/svgo-2.3.1.tgz",
        "integrity": "sha512-vQXlFSB+wqjnWJNOg+0LzAVrNF+ZIdd8jtrmtW6B/VXP+BkE5Pw+2jjQoalzmSdP0LQv4Zk+6FLA3StUa5Mrw==",
        "dev": true,
        "requires": {
          "chalk": "^4.1.2",
          "coa": "^2.0.3",
          "css-select": "^4.1.3",
          "css-select-base-adapter": "^0.1.1",
          "css-tree": "1.1.3",
          "csso": "^5.0.2",
          "js-yaml": "^4.0.0",
          "mkdirp": "^1.0.3",
          "object.values": "^1.1.0",
          "sax": "^1.2.4",
          "stable": "^0.1.8",
          "unquote": "^1.1.1",
          "util.promisify": "^1.0.0"
        }
      },
      "terser-webpack-plugin": {
        "version": "5.3.1",
        "resolved": "https://registry.npmjs.org/terser-webpack-plugin/-/terser-webpack-plugin-5.3.1.tgz",
        "integrity": "sha512-V6+ahT4yJTVbrveZdD0NUip5OVfRiR/BmcU5tS66tnfH8bJqRUa+B7sB43lZ9ZBtp6l2Bn/1b1TbnLndDU3Bw==",
        "dev": true,
        "requires": {
          "cacache": "^15.0.5",
          "find-cache-dir": "^3.3.1",
          "jest-worker": "^27.0.0",
          "p-limit": "^4.0.1",
          "schema-utils": "^3.0.0",
          "serialize-javascript": "^6.0.0",
          "source-map": "^0.6.1",
          "terser": "^5.7.1",
          "webpack-sources": "^3.0.0"
        }
      },
      "throat": {
        "version": "6.1.0",
        "resolved": "https://registry.npmjs.org/throat/-/throat-6.1.0.tgz",
        "integrity": "sha512-G78MkQFRMz79j9ACFwfnmTU+iScdXXjOxxzOCD4ub3fP1l9QVX0GuD/rau5kMxr10BaaA90CT2Z3g3r00vwZA==",
        "dev": true
      },
      "ts-pnp": {
        "version": "1.2.0",
        "resolved": "https://registry.npmjs.org/ts-pnp/-/ts-pnp-1.2.0.tgz",
        "integrity": "sha512-NAq4ZzhXa1N9MH2PESQK2Hu/bDZVqLA9S/4wU6VI4VkwJYfuGKjNIJ1asVW+ld0t8fYjHtnfjq5X2b5yWjGEw==",
        "dev": true
      },
      "uglifyjs-webpack-plugin": {
        "version": "2.2.0",
        "resolved": "https://registry.npmjs.org/uglifyjs-webpack-plugin/-/uglifyjs-webpack-plugin-2.2.0.tgz",
        "integrity": "sha512-nD0CEZ3l6lPHxS9bUG6gt6ZCu+oUSQ0LRYZdejXpUVGh7fJGFooJhr6a0W2doxuULME1vsqrnTsBCzj1rDdfA==",
        "dev": true,
        "requires": {
          "cacache": "^15.0.5",
          "find-cache-dir": "^3.3.1",
          "schema-utils": "^3.0.0",
          "serialize-javascript": "^6.0.0",
          "source-map": "^0.6.1",
          "uglify-js": "^3.11.0",
          "webpack-sources": "^3.0.0"
        },
        "dependencies": {
          "find-cache-dir": {
            "version": "3.3.1",
            "resolved": "https://registry.npmjs.org/find-cache-dir/-/find-cache-dir-3.3.1.tgz",
            "integrity": "sha512-tI+/z6TWp3PsCzUVMeM2iIbt5TYlbP1UKd1nokgLjA1iPZi2x8mVxkskllXV0xTi7JsQ1AxsxU0VhoAkjBmTA==",
            "dev": true,
            "requires": {
              "commondir": "^1.0.1",
              "make-dir": "^3.0.2",
              "pkg-dir": "^4.2.0"
            }
          },
          "schema-utils": {
            "version": "3.1.0",
            "resolved": "https://registry.npmjs.org/schema-utils/-/schema-utils-3.1.0.tgz",
            "integrity": "sha512-6D82/xSzO094ajanoOSbe4YvXWMfn2A//8Y1+MUqFAJul5Bs+yn36xbK9OtNDCLixfWigmN5iTAUId4ZrKrMg==",
            "dev": true,
            "requires": {
              "ajv": "^6.12.6",
              "ajv-keywords": "^3.5.2"
            }
          },
          "serialize-javascript": {
            "version": "6.0.0",
            "resolved": "https://registry.npmjs.org/serialize-javascript/-/serialize-javascript-6.0.0.tgz",
            "integrity": "sha512-iRYa1E/2zB8X8Yxy0/gf+0Z04Gt+W6y+8xswC7l/ChCqSg+j3Hfrf7qkVvTVYsoY95e/0f9kHZyTFZMD9W9ng==",
            "dev": true
          },
          "source-map": {
            "version": "0.6.1",
            "resolved": "https://registry.npmjs.org/source-map/-/source-map-0.6.1.tgz",
            "integrity": "sha512-UjgapumWlbMhkBgzT7Ykc5YXUT46F0iKu8SGXq0bcwP5dz/h0Plj6enJqjz1Zbq2l5WaqYnrVbwWOWMyF3F47g==",
            "dev": true
          },
          "uglify-js": {
            "version": "3.14.1",
            "resolved": "https://registry.npmjs.org/uglify-js/-/uglify-js-3.14.1.tgz",
            "integrity": "sha512-UZwpP1qtqXQmuH2+Ek8EEGLymZuLFw/2w/ca0G4shB8lk2htr3arIpr1J06Ie3OKvZLKTIkYK2f1Ux3q2uIEw==",
            "dev": true,
            "requires": {
              "commander": "~2.20.3",
              "source-map": "~0.7.2"
            }
          },
          "webpack-sources": {
            "version": "3.1.5",
            "resolved": "https://registry.npmjs.org/webpack-sources/-/webpack-sources-3.1.5.tgz",
            "integrity": "sha512-P86cM8VeZ0yOXzMoO+/2SyUnEdx/XJ02qUwt8ZooxwrBRJXV+MHJ4KybkzNcK3mZ6t+J2vKPzYZCCoGmEmr3g==",
            "dev": true
          }
        }
      },
      "unquote": {
        "version": "1.1.1",
        "resolved": "https://registry.npmjs.org/unquote/-/unquote-1.1.1.tgz",
        "integrity": "sha1-j97XMk7G6IoP+LkF58CYzwZGYxY=",
        "dev": true
      },
      "webpack-dev-server": {
        "version": "4.7.1",
        "resolved": "https://registry.npmjs.org/webpack-dev-server/-/webpack-dev-server-4.7.1.tgz",
        "integrity": "sha512-DmhaKrITBFC/L5s3R+QO9Q4Zz+T0KpmYpTpsP0QJhQlHIdHTDv6TztIow/VvP5F4Wsi2d28hmmG/NOFNSF0fQ==",
        "dev": true,
        "requires": {
          "ansi-html": "^5.0.0",
          "buffer-crc32": "^0.2.13",
          "express": "^4.17.2",
          "html-entities": "^2.4.0",
          "http-proxy-middleware": "2.2.1",
          "import-local": "^3.0.2",
          "internal-ip": "^5.5.0",
          "is-absolute-url": "^3.0.3",
          "killable": "^1.0.1",
          "loglevel": "^1.7.1",
          "open": "^8.0.0",
          "p-retry": "^4.1.0",
          "portfinder": "^1.0.28",
          "schema-utils": "^4.2.0",
          "selfsigned": "^1.11.2",
          "semver": "^7.3.5",
          "serve-index": "^1.9.1",
          "sockjs": "^0.4.0",
          "sockjs-client": "^1.5.0",
          "spdy": "^5.0.0",
          "strip-ansi": "^6.0.0",
          "supports-color": "^7.2.0",
          "url": "^0.11.0",
          "webpack-dev-middleware": "5.5.1",
          "webpack-log": "^2.0.0"
        },
        "dependencies": {
          "ansi-regex": {
            "version": "6.0.1",
            "resolved": "https://registry.npmjs.org/ansi-regex/-/ansi-regex-6.0.1.tgz",
            "integrity": "sha512-Y8VjB01G3ps0bViC2PpKwvIDRGpD1D/evh0Ea24c1cWGXg5G1KBk5fOh1V4h7EPfaTiv8nhJYFzVp4hR1VLQ==",
            "dev": true
          },
          "debug": {
            "version": "5.3.1",
            "resolved": "https://registry.npmjs.org/debug/-/debug-5.3.1.tgz",
            "integrity": "sha512-oWbZfFnV6nTq0vz8wZEXLRQp/QlKuKJ/cdW8VcLPZ6LYP2X/kPaMkJXET9moi3tvRVdY+gsob3CtA7O3Z/d0g==",
            "dev": true,
            "requires": {
              "ms": "^2.1.2"
            }
          },
          "mime-types": {
            "version": "2.3.1",
            "resolved": "https://registry.npmjs.org/mime-types/-/mime-types-2.3.1.tgz",
            "integrity": "sha512-4Eb+R4DK5vDTL7fKIoLfgOxGbKLHFipA3v/XV5oRi6HUFh5mVE0NiLAuLaVVjC4eGmQQVxuS5KMVEtw4nJDvtg==",
            "dev": true,
            "requires": {
              "mime-db": "1.51.0"
            }
          },
          "ms": {
            "version": "2.1.3",
            "resolved": "https://registry.npmjs.org/ms/-/ms-2.1.3.tgz",
            "integrity": "sha512-6FlzubTLZG3J1EAwVoN8hv6+Jmu5eTk3DpDBQ/3G8jk5TQzC2XTjW8b5MSCs7DN6AJQr4txNF3KsxqP/3bhxg==",
            "dev": true
          }
        }
      },
      "webpack-log": {
        "version": "2.0.0",
        "resolved": "https://registry.npmjs.org/webpack-log/-/webpack-log-2.0.0.tgz",
        "integrity": "sha512-jEiNrT3a5nIjWg05fGXkxDlIvaKycxyk0oFLWi9g/0kn4IRy97p4UANwdn3qmK5bvhJDqJwioajA1No6up8+Q==",
        "dev": true,
        "requires": {
          "ansi-colors": "^4.1.1",
          "uuid": "^8.3.2"
        }
      },
      "which": {
        "version": "2.0.2",
        "resolved": "https://registry.npmjs.org/which/-/which-2.0.2.tgz",
        "integrity": "sha512-7s6p0GhhIKWFavq8h0lmzgF/2GccA5KpCF8+8JZttJe0iJU1Z9KCEj5JvZon3i+uHB2LiBfv9ldvpTqfL6Uug==",
        "dev": true,
        "requires": {
          "isexe": "^2.0.0"
        }
      },
      "which-module": {
        "version": "2.0.0",
        "resolved": "https://registry.npmjs.org/which-module/-/which-module-2.0.0.tgz",
        "integrity": "sha1-2e8H3Od7mQK4o6j6SzHD4/fm6Ho=",
        "dev": true
      },
      "word-wrap": {
        "version": "1.2.3",
        "resolved": "https://registry.npmjs.org/word-wrap/-/word-wrap-1.2.3.tgz",
        "integrity": "sha512-Hz/mrNwitNRh/HUjc9al+En8jNj+ib9m/HpsYaOiWRAd+W6G5HKscC0KGPiBg4K2Ijsl2bnk2U4TX7qVG6kQQ==",
        "dev": true
      },
      "write": {
        "version": "1.0.4",
        "resolved": "https://registry.npmjs.org/write/-/write-1.0.4.tgz",
        "integrity": "sha1-VzB1vJr9ljJ9+RmdUftYmEtq54M=",
        "dev": true,
        "requires": {
          "mkdirp": "^0.5.1"
        },
        "dependencies": {
          "mkdirp": {
            "version": "0.5.5",
            "resolved": "https://registry.npmjs.org/mkdirp/-/mkdirp-0.5.5.tgz",
            "integrity": "sha512-NaPzkOKBy6CdG1U6gmzdrSa0sF1ca+1Aps4ok0lBLwNBkdTUGo+jlwZ4TN1wLxFN1gP+gUJmO2e/+9+ZvSv+w==",
            "dev": true
          }
        }
      },
      "yallist": {
        "version": "4.0.0",
        "resolved": "https://registry.npmjs.org/yallist/-/yallist-4.0.0.tgz",
        "integrity": "sha512-3wdGidZyq5PB084XLES5TpOSRA3wjXAlIWMhum2kRcv/41Sn2emQ0dycQW4uZXLejwKvg6EsvbdlVL+FYEctQ==",
        "dev": true
      },
      "yargs": {
        "version": "16.4.2",
        "resolved": "https://registry.npmjs.org/yargs/-/yargs-16.4.2.tgz",
        "integrity": "sha512-FA/BWYo+UtB5lYVbU5zuP3oFRx2ZlG9HtP5R3vcOJF9H7ufKji2HwYI3srZiDj9KYUkZojR7UPNm2MxL7RnSA==",
        "dev": true,
        "requires": {
          "cliui": "^7.0.0",
          "escalade": "^3.0.2",
          "get-caller-file": "^2.0.5",
          "require-directory": "^2.1.1",
          "string-width": "^4.2.0",
          "y18n": "^5.0.5",
          "yargs-parser": "^22.0.0"
        }
      },
      "yargs-parser": {
        "version": "22.1.0",
        "resolved": "https://registry.npmjs.org/yargs-parser/-/yargs-parser-22.1.0.tgz",
        "integrity": "sha512-VtjJBlQ9k9+jcBQ8hgWyoxl+OHSBHi28JrBv+JQFN/Ossn+egOvzNrjSuLlAKXmzvzthMwg7WVboEa5iJMyKg==",
        "dev": true
      },
      "yn": {
        "version": "3.1.1",
        "resolved": "https://registry.npmjs.org/yn/-/yn-3.1.1.tgz",
        "integrity": "sha512-TfVq52qRL7VwaFmgVjVKcUKH5N7hG26zT8sjpTrSfiSMQz3jEXGZ3gXLYfw/mT8Wu5nLBu8InB/55KlbOfL8g==",
        "dev": true,
        "requires": {
          "yargs": "^16.2.0"
        }
      },
      "yocto-queue": {
        "version": "0.1.0",
        "resolved": "https://registry.npmjs.org/yocto-queue/-/yocto-queue-0.1.0.tgz",
        "integrity": "sha1-9LZU9HlxtaX8bYGzxCx68qYY+3A=",
        "dev": true
      },
      "ytdl-core": {
        "version": "4.10.1",
        "resolved": "https://registry.npmjs.org/ytdl-core/-/ytdl-core-4.10.1.tgz",
        "integrity": "sha512-XGwP2I2XwjpJCYDYon/J9xEpE+9Xh9x4mHlZ/Bx4kCYOVz0xRCvwX8j1VFVJegvDN6j16D+MVCUxa31ytC1jw==",
        "dev": true,
        "requires": {
          "html-entities": "^2.3.1",
          "m3u8stream": "^0.4.0",
          "miniget": "^4.1.0",
          "sax": "^1.2.4",
          "yargs": "^16.0.3"
        }
      },
      "yup": {
        "version": "0.32.9",
        "resolved": "https://registry.npmjs.org/yup/-/yup-0.32.9.tgz",
        "integrity": "sha512-RN1GQBTHTmvn31MnAur9Q1Qo5M6dXbFy0MyhTuS7X+/MggYH5tTEj0/ltti+L0FSx2urLhn8w3WQ8AlDqOZ9g==",
        "dev": true
      },
      "yvc": {
        "version": "1.1.2",
        "resolved": "https://registry.npmjs.org/yvc/-/yvc-1.1.2.tgz",
        "integrity": "sha512-eZGpIm31s3NUQudzDOJq/Aw2cP5bkt+DAd9K1bImd7e93fdKtYsVVw7r7DxMw+2+8IN7gRi+du1mP1WVLxn5Q==",
        "dev": true,
        "requires": {
          "find-yarn-workspace-root": "^2.0.0",
          "import-local": "^3.0.2",
          "js-yaml": "^4.1.0",
          "yargs": "^16.2.0"
        }
      },
      "yargs": {
        "version": "16.2.0",
        "resolved": "https://registry.npmjs.org/yargs/-/yargs-16.2.0.tgz",
        "integrity": "sha512-A1NME5E7X9sQth+kR1rplGXkFUTgHFmz1hTGu1/G4jTRc7GprwIMT49DWNvCt1Sw9g+2/O/M25jInIF+PSf9A==",
        "dev": true,
        "requires": {
          "cliui": "^7.0.0",
          "escalade": "^3.1.1",
          "find-up": "^5.0.0",
          "get-caller-file": "^2.0.5",
          "require-directory": "^2.1.1",
          "require-main-filename": "^2.0.0",
          "set-blocking": "^2.0.0",
          "string-width": "^4.2.0",
          "which-module": "^2.0.0",
          "y18n": "^5.0.5",
          "yargs-parser": "^22.0.0"
        }
      },
      "yargs-parser": {
        "version": "22.0.0",
        "resolved": "https://registry.npmjs.org/yargs-parser/-/yargs-parser-22.0.0.tgz",
        "integrity": "sha512-sTgL5G1WJgN0ebtIkx8eZRq46AZ6Vr5TRuZ9u77JwU5Kp00RzP2P5LWW6j5tD2kEF0sBq1M2iSIJHfwtUTrgA==",
        "dev": true
      },
      "yeast": {
        "version": "0.1.2",
        "resolved": "https://registry.npmjs.org/yeast/-/yeast-0.1.2.tgz",
        "integrity": "sha1-AI4G2AlDIMNy28L47XagymyKxBk=",
        "dev": true
      },
      "yn": {
        "version": "4.0.1",
        "resolved": "https://registry.npmjs.org/yn/-/yn-4.0.1.tgz",
        "integrity": "sha512-i2yMEX+yGOJK4nJ2yOG9iMAOl3j2k/YMrw0odUFB0n9FJ2iGc8nVI2vlmgsr0gQ0M7Dc48pA7POm8g4A8kslg==",
        "dev": true,
        "requires": {
          "yargs": "^16.2.0"
        }
      },
      "yocto-queue": {
        "version": "0.1.0",
        "resolved": "https://registry.npmjs.org/yocto-queue/-/yocto-queue-0.1.0.tgz",
        "integrity": "sha1-9LZU9HlxtaX8bYGzxCx68qYY+3A=",
        "dev": true
      },
      "ytdl-core": {
        "version": "4.9.1",
        "resolved": "https://registry.npmjs.org/ytdl-core/-/ytdl-core-4.9.1.tgz",
        "integrity": "sha512-ESDeHLpNFjjJoo5l1+eOj5iogfz3mmJkkmzL8O9LnZVNyuoT+9QQ1x6HjFkTtVLd3WcA88PUL1T3gKdMPpNvA==",
        "dev": true,
        "requires": {
          "html-entities": "^1.3.1",
          "m3u8stream": "^0.4.0",
          "miniget": "^3.0.0",
          "sax": "^1.2.4",
          "yargs": "^16.0.3"
        }
      },
      "yup": {
        "version": "0.32.9",
        "resolved": "https://registry.npmjs.org/yup/-/yup-0.32.9.tgz",
        "integrity": "sha512-RN1GQBTHTmvn31MnAur9Q1Qo5M6dXbFy0MyhTuS7X+/MggYH5tTEj0/ltti+L0FSx2urLhn8w3WQ8AlDqOZ9g==",
        "dev": true
      },
      "yvc": {
        "version": "1.1.2",
        "resolved": "https://registry.npmjs.org/yvc/-/yvc-1.1.2.tgz",
        "integrity": "sha512-eZGpIm31s3NUQudzDOJq/Aw2cP5bkt+DAd9K1bImd7e93fdKtYsVVw7r7DxMw+2+8IN7gRi+du1mP1WVLxn5Q==",
        "dev": true,
        "requires": {
          "find-yarn-workspace-root": "^2.0.0",
          "import-local": "^3.0.2",
          "js-yaml": "^4.1.0",
          "yargs": "^16.2.0"
        }
      },
      "yargs": {
        "version": "16.4.2",
        "resolved": "https://registry.npmjs.org/yargs/-/yargs-16.4.2.tgz",
        "integrity": "sha512-FA/BWYo+UtB5lYVbU5zuP3oFRx2ZlG9HtP5R3vcOJF9H7ufKji2HwYI3srZiDj9KYUkZojR7UPNm2MxL7RnSA==",
        "dev": true,
        "requires": {
          "cliui": "^7.0.0",
          "escalade": "^3.0.2",
          "get-caller-file": "^2.0.5",
          "require-directory": "^2.1.1",
          "string-width": "^4.2.0",
          "y18n": "^5.0.5",
          "yargs-parser": "^22.0.0"
        }
      },
      "yargs-parser": {
        "version": "22.1.0",
        "resolved": "https://registry.npmjs.org/yargs-parser/-/yargs-parser-22.1.0.tgz",
        "integrity": "sha512-VtjJBlQ9k9+jcBQ8hgWyoxl+OHSBHi28JrBv+JQFN/Ossn+egOvzNrjSuLlAKXmzvzthMwg7WVboEa5iJMyKg==",
        "dev": true
      },
      "yeast": {
        "version": "0.1.2",
        "resolved": "https://registry.npmjs.org/yeast/-/yeast-0.1.2.tgz",
        "integrity": "sha1-AI4G2AlDIMNy28L47XagymyKxBk=",
        "dev": true
      },
      "yn": {
        "version": "3.1.1",
        "resolved": "https://registry.npmjs.org/yn/-/yn-3.1.1.tgz",
        "integrity": "sha512-TfVq52qRL7VwaFmgVjVKcUKH5N7hG26zT8sjpTrSfiSMQz3jEXGZ3gXLYfw/mT8Wu5nLBu8InB/55KlbOfL8g==",
        "dev": true,
        "requires": {
          "yargs": "^16.2.0"
        }
      },
      "yocto-queue": {
        "version": "0.1.0",
        "resolved": "https://registry.npmjs.org/yocto-queue/-/yocto-queue-0.1.0.tgz",
        "integrity": "sha1-9LZU9HlxtaX8bYGzxCx68qYY+3A=",
        "dev": true
      },
      "ytdl-core": {
        "version": "4.10.1",
        "resolved": "https://registry.npmjs.org/ytdl-core/-/ytdl-core-4.10.1.tgz",
        "integrity": "sha512-XGwP2I2XwjpJCYDYon/J9xEpE+9Xh9x4mHlZ/Bx4kCYOVz0xRCvwX8j1VFVJegvDN6j16D+MVCUxa31ytC1jw==",
        "dev": true,
        "requires": {
          "html-entities": "^2.3.1",
          "m3u8stream": "^0.4.0",
          "miniget": "^4.1.0",
          "sax": "^1.2.4",
          "yargs": "^16.0.3"
        }
      },
      "yup": {
        "version": "0.32.9",
        "resolved": "https://registry.npmjs.org/yup/-/yup-0.32.9.tgz",
        "integrity": "sha512-RN1GQBTHTmvn31MnAur9Q1Qo5M6dXbFy0MyhTuS7X+/MggYH5tTEj0/ltti+L0FSx2urLhn8w3WQ8AlDqOZ9g==",
        "dev": true
      },
      "yvc": {
        "version": "1.1.2",
        "resolved": "https://registry.npmjs.org/yvc/-/yvc-1.1.2.tgz",
        "integrity": "sha512-eZGpIm31s3NUQudzDOJq/Aw2cP5bkt+DAd9K1bImd7e93fdKtYsVVw7r7DxMw+2+8IN7gRi+du1mP1WVLxn5Q==",
        "dev": true,
        "requires": {
          "find-yarn-workspace-root": "^2.0.0",
          "import-local": "^3.0.2",
          "js-yaml": "^4.1.0",
          "yargs": "^16.2.0"
        }
      },
      "yargs": {
        "version": "16.2.0",
        "resolved": "https://registry.npmjs.org/yargs/-/yargs-16.2.0.tgz",
        "integrity": "sha512-A1NME5E7X9sQth+kR1rplGXkFUTgHFmz1hTGu1/G4jTRc7GprwIMT49DWNvCt1Sw9g+2/O/M25jInIF+PSf9A==",
        "dev": true,
        "requires": {
          "cliui": "^7.0.0",
          "escalade": "^3.1.1",
          "find-up": "^5.0.0",
          "get-caller-file": "^2.0.5",
          "require-directory": "^2.1.1",
          "require-main-filename": "^2.0.0",
          "set-blocking": "^2.0.0",
          "string-width": "^4.2.0",
          "which-module": "^2.0.0",
          "y18n": "^5.0.5",
          "yargs-parser": "^22.0.0"
        }
      },
      "yargs-parser": {
        "version": "22.1.0",
        "resolved": "https://registry.npmjs.org/yargs-parser/-/yargs-parser-22.1.0.tgz",
        "integrity": "sha512-sTgL5G1WJgN0ebtIkx8eZRq46AZ6Vr5TRuZ9u77JwU5Kp00RzP2P5LWW6j5tD2kEF0sBq1M2iSIJHfwtUTrgA==",
        "dev": true
      },
      "yeast": {
        "version": "0.1.2",
        "resolved": "https://registry.npmjs.org/yeast/-/yeast-0.1.2.tgz",
        "integrity": "sha1-AI4G2AlDIMNy28L47XagymyKxBk=",
        "dev": true
      },
      "yn": {
        "version": "4.0.1",
        "resolved": "https://registry.npmjs.org/yn/-/yn-4.0.1.tgz",
        "integrity": "sha512-i2yMEX+yGOJK4nJ2yOG9iMAOl3j2k/YMrw0odUFB0n9FJ2iGc8nVI2vlmgsr0gQ0M7Dc48pA7POm8g4A8kslg==",
        "dev": true,
        "requires": {
          "yargs": "^16.2.0"
        }
      },
      "yocto-queue": {
        "version": "0.1.0",
        "resolved": "https://registry.npmjs.org/yocto-queue/-/yocto-queue-0.1.0.tgz",
        "integrity": "sha1-9LZU9HlxtaX8bYGzxCx68qYY+3A=",
        "dev": true
      },
      "ytdl-core": {
        "version": "4.9.1",
        "resolved": "https://registry.npmjs.org/ytdl-core/-/ytdl-core-4.9.1.tgz",
        "integrity": "sha512-ESDeHLpNFjjJoo5l1+eOj5iogfz3mmJkkmzL8O9LnZVNyuoT+9QQ1x6HjFkTtVLd3WcA88PUL1T3gKdMPpNvA==",
        "dev": true,
        "requires": {
          "html-entities": "^1.3.1",
          "m3u8stream": "^0.4.0",
          "miniget": "^3.0.0",
          "sax": "^1.2.4",
          "yargs": "^16.0.3"
        }
      },
      "yup": {
        "version": "0.32.9",
        "resolved": "https://registry.npmjs.org/yup/-/yup-0.32.9.tgz",
        "integrity": "sha512-RN1GQBTHTmvn31MnAur9Q1Qo5M6dXbFy0MyhTuS7X+/MggYH5tTEj0/ltti+L0FSx2urLhn8w3WQ8AlDqOZ9g==",
        "dev": true
      },
      "yvc": {
        "version": "1.1.2",
        "resolved": "https://registry.npmjs.org/yvc/-/yvc-1.1.2.tgz",
        "integrity": "sha512-eZGpIm31s3NUQudzDOJq/Aw2cP5bkt+DAd9K1bImd7e93fdKtYsVVw7r7DxMw+2+8IN7gRi+du1mP1WVLxn5Q==",
        "dev": true,
        "requires": {
          "find-yarn-workspace-root": "^2.0.0",
          "import-local": "^3.0.2",
          "js-yaml": "^4.1.0",
          "yargs": "^16.2.0"
        }
      }
    }
  }
  